# This file is automatically @generated by Cargo.
# It is not intended for manual editing.
version = 4

[[package]]
name = "indo-syscall"
version = "0.1.0"

[[package]]
name = "indominus-utils"
version = "1.0.0"
dependencies = [
 "indo-syscall",
]

[[package]]
name = "indosh"
version = "0.3.0"
dependencies = [
 "indo-syscall",
]

[[package]]
name = "init"
version = "0.1.0"
dependencies = [
 "indo-syscall",
]

[[package]]
name = "test_fat_write"
version = "0.1.0"
dependencies = [
 "indo-syscall",
]

[[package]]
name = "test_gs_stress"
version = "0.1.0"
dependencies = [
 "indo-syscall",
]

[[package]]
name = "test_reg"
version = "1.0.0"
dependencies = [
 "indo-syscall",
]

[[package]]
name = "test_robustness"
version = "0.1.0"
dependencies = [
 "indo-syscall",
]

[[package]]
name = "test_stress"
version = "1.0.0"
dependencies = [
 "indo-syscall",
]
